
Microsoft Visual Studio Solution File, Format Version 12.00
# Visual Studio Version 17
VisualStudioVersion = 17.5.002.0
MinimumVisualStudioVersion = 10.0.40219.1
Project("{9A19103F-16F7-4668-BE54-9A1E7A4F7556}") = "Search", "Search.csproj", "{958521BA-C189-4399-987A-181A2E0E2435}"
EndProject
Global
	GlobalSection(SolutionConfigurationPlatforms) = preSolution
		Debug|Any CPU = Debug|Any CPU
		Release|Any CPU = Release|Any CPU
	EndGlobalSection
	GlobalSection(ProjectConfigurationPlatforms) = postSolution
		{958521BA-C189-4399-987A-181A2E0E2435}.Debug|Any CPU.ActiveCfg = Debug|Any CPU
		{958521BA-C189-4399-987A-181A2E0E2435}.Debug|Any CPU.Build.0 = Debug|Any CPU
		{958521BA-C189-4399-987A-181A2E0E2435}.Release|Any CPU.ActiveCfg = Release|Any CPU
		{958521BA-C189-4399-987A-181A2E0E2435}.Release|Any CPU.Build.0 = Release|Any CPU
	EndGlobalSection
	GlobalSection(SolutionProperties) = preSolution
		HideSolutionNode = FALSE
	EndGlobalSection
	GlobalSection(ExtensibilityGlobals) = postSolution
		SolutionGuid = {96DFF34E-2ECB-4E9C-A584-E931AE95EF85}
	EndGlobalSection
EndGlobal
